
Microsoft Visual Studio Solution File, Format Version 12.00
# Visual Studio Version 17
VisualStudioVersion = 17.3.32929.385
MinimumVisualStudioVersion = 10.0.40219.1
Project("{9A19103F-16F7-4668-BE54-9A1E7A4F7556}") = "Ottawa.Pigeon.Application", "Ottawa.Pigeon.Application\Ottawa.Pigeon.Application.csproj", "{4E44EB54-ECDE-42F4-BC12-821155B7B051}"
EndProject
Project("{9A19103F-16F7-4668-BE54-9A1E7A4F7556}") = "Ottawa.Pigeon.Infrastructure", "Ottawa.Pigeon.Infrastructure\Ottawa.Pigeon.Infrastructure.csproj", "{32656A01-2DB4-4FD4-8C22-599DBFBFF1BA}"
EndProject
Project("{9A19103F-16F7-4668-BE54-9A1E7A4F7556}") = "Ottawa.Pigeon.Domain", "Ottawa.Pigeon.Domain\Ottawa.Pigeon.Domain.csproj", "{A4253509-A1E2-4BEA-8DE3-848F250A8C02}"
EndProject
Project("{9A19103F-16F7-4668-BE54-9A1E7A4F7556}") = "Ottawa.Pigeon.WebAPI", "Ottawa.Pigeon.WebAPI\Ottawa.Pigeon.WebAPI.csproj", "{6DA97353-8946-45DD-A5FA-851D49B5E665}"
EndProject
Project("{2150E333-8FDC-42A3-9474-1A3956D46DE8}") = "tests", "tests", "{CF76262A-63F7-4ECB-9B2C-142ECC9769A6}"
EndProject
Project("{9A19103F-16F7-4668-BE54-9A1E7A4F7556}") = "Ottawa.Pigeon.UnitTests", "Ottawa.Pigeon.UnitTests\Ottawa.Pigeon.UnitTests.csproj", "{90BE6615-C940-4C75-8591-03442B7B1D1C}"
EndProject
Project("{9A19103F-16F7-4668-BE54-9A1E7A4F7556}") = "Ottawa.Pigeon.IntegrationTests", "Ottawa.Pigeon.IntegrationTests\Ottawa.Pigeon.IntegrationTests.csproj", "{CF4D5439-F9E3-4FD8-9B73-88A8B95527A4}"
EndProject
Project("{2150E333-8FDC-42A3-9474-1A3956D46DE8}") = "Éléments de solution", "Éléments de solution", "{DE3D6AD1-951A-4524-A7F0-932F9DA413FC}"
	ProjectSection(SolutionItems) = preProject
		Dockerfile = Dockerfile
		https\ottawacert.pfx = https\ottawacert.pfx
	EndProjectSection
EndProject
Project("{E53339B2-1760-4266-BCC7-CA923CBCF16C}") = "docker-compose", "docker-compose.dcproj", "{8843DE69-4838-4EBA-A173-0246D0D8709D}"
EndProject
Global
	GlobalSection(SolutionConfigurationPlatforms) = preSolution
		Debug|Any CPU = Debug|Any CPU
		Debug|x64 = Debug|x64
		Release|Any CPU = Release|Any CPU
		Release|x64 = Release|x64
	EndGlobalSection
	GlobalSection(ProjectConfigurationPlatforms) = postSolution
		{4E44EB54-ECDE-42F4-BC12-821155B7B051}.Debug|Any CPU.ActiveCfg = Debug|Any CPU
		{4E44EB54-ECDE-42F4-BC12-821155B7B051}.Debug|Any CPU.Build.0 = Debug|Any CPU
		{4E44EB54-ECDE-42F4-BC12-821155B7B051}.Debug|x64.ActiveCfg = Debug|Any CPU
		{4E44EB54-ECDE-42F4-BC12-821155B7B051}.Debug|x64.Build.0 = Debug|Any CPU
		{4E44EB54-ECDE-42F4-BC12-821155B7B051}.Release|Any CPU.ActiveCfg = Release|Any CPU
		{4E44EB54-ECDE-42F4-BC12-821155B7B051}.Release|Any CPU.Build.0 = Release|Any CPU
		{4E44EB54-ECDE-42F4-BC12-821155B7B051}.Release|x64.ActiveCfg = Release|Any CPU
		{4E44EB54-ECDE-42F4-BC12-821155B7B051}.Release|x64.Build.0 = Release|Any CPU
		{32656A01-2DB4-4FD4-8C22-599DBFBFF1BA}.Debug|Any CPU.ActiveCfg = Debug|Any CPU
		{32656A01-2DB4-4FD4-8C22-599DBFBFF1BA}.Debug|Any CPU.Build.0 = Debug|Any CPU
		{32656A01-2DB4-4FD4-8C22-599DBFBFF1BA}.Debug|x64.ActiveCfg = Debug|Any CPU
		{32656A01-2DB4-4FD4-8C22-599DBFBFF1BA}.Debug|x64.Build.0 = Debug|Any CPU
		{32656A01-2DB4-4FD4-8C22-599DBFBFF1BA}.Release|Any CPU.ActiveCfg = Release|Any CPU
		{32656A01-2DB4-4FD4-8C22-599DBFBFF1BA}.Release|Any CPU.Build.0 = Release|Any CPU
		{32656A01-2DB4-4FD4-8C22-599DBFBFF1BA}.Release|x64.ActiveCfg = Release|Any CPU
		{32656A01-2DB4-4FD4-8C22-599DBFBFF1BA}.Release|x64.Build.0 = Release|Any CPU
		{A4253509-A1E2-4BEA-8DE3-848F250A8C02}.Debug|Any CPU.ActiveCfg = Debug|Any CPU
		{A4253509-A1E2-4BEA-8DE3-848F250A8C02}.Debug|Any CPU.Build.0 = Debug|Any CPU
		{A4253509-A1E2-4BEA-8DE3-848F250A8C02}.Debug|x64.ActiveCfg = Debug|Any CPU
		{A4253509-A1E2-4BEA-8DE3-848F250A8C02}.Debug|x64.Build.0 = Debug|Any CPU
		{A4253509-A1E2-4BEA-8DE3-848F250A8C02}.Release|Any CPU.ActiveCfg = Release|Any CPU
		{A4253509-A1E2-4BEA-8DE3-848F250A8C02}.Release|Any CPU.Build.0 = Release|Any CPU
		{A4253509-A1E2-4BEA-8DE3-848F250A8C02}.Release|x64.ActiveCfg = Release|Any CPU
		{A4253509-A1E2-4BEA-8DE3-848F250A8C02}.Release|x64.Build.0 = Release|Any CPU
		{6DA97353-8946-45DD-A5FA-851D49B5E665}.Debug|Any CPU.ActiveCfg = Debug|Any CPU
		{6DA97353-8946-45DD-A5FA-851D49B5E665}.Debug|Any CPU.Build.0 = Debug|Any CPU
		{6DA97353-8946-45DD-A5FA-851D49B5E665}.Debug|x64.ActiveCfg = Debug|Any CPU
		{6DA97353-8946-45DD-A5FA-851D49B5E665}.Debug|x64.Build.0 = Debug|Any CPU
		{6DA97353-8946-45DD-A5FA-851D49B5E665}.Release|Any CPU.ActiveCfg = Release|Any CPU
		{6DA97353-8946-45DD-A5FA-851D49B5E665}.Release|Any CPU.Build.0 = Release|Any CPU
		{6DA97353-8946-45DD-A5FA-851D49B5E665}.Release|x64.ActiveCfg = Release|Any CPU
		{6DA97353-8946-45DD-A5FA-851D49B5E665}.Release|x64.Build.0 = Release|Any CPU
		{90BE6615-C940-4C75-8591-03442B7B1D1C}.Debug|Any CPU.ActiveCfg = Debug|Any CPU
		{90BE6615-C940-4C75-8591-03442B7B1D1C}.Debug|Any CPU.Build.0 = Debug|Any CPU
		{90BE6615-C940-4C75-8591-03442B7B1D1C}.Debug|x64.ActiveCfg = Debug|Any CPU
		{90BE6615-C940-4C75-8591-03442B7B1D1C}.Debug|x64.Build.0 = Debug|Any CPU
		{90BE6615-C940-4C75-8591-03442B7B1D1C}.Release|Any CPU.ActiveCfg = Release|Any CPU
		{90BE6615-C940-4C75-8591-03442B7B1D1C}.Release|Any CPU.Build.0 = Release|Any CPU
		{90BE6615-C940-4C75-8591-03442B7B1D1C}.Release|x64.ActiveCfg = Release|Any CPU
		{90BE6615-C940-4C75-8591-03442B7B1D1C}.Release|x64.Build.0 = Release|Any CPU
		{CF4D5439-F9E3-4FD8-9B73-88A8B95527A4}.Debug|Any CPU.ActiveCfg = Debug|Any CPU
		{CF4D5439-F9E3-4FD8-9B73-88A8B95527A4}.Debug|Any CPU.Build.0 = Debug|Any CPU
		{CF4D5439-F9E3-4FD8-9B73-88A8B95527A4}.Debug|x64.ActiveCfg = Debug|Any CPU
		{CF4D5439-F9E3-4FD8-9B73-88A8B95527A4}.Debug|x64.Build.0 = Debug|Any CPU
		{CF4D5439-F9E3-4FD8-9B73-88A8B95527A4}.Release|Any CPU.ActiveCfg = Release|Any CPU
		{CF4D5439-F9E3-4FD8-9B73-88A8B95527A4}.Release|Any CPU.Build.0 = Release|Any CPU
		{CF4D5439-F9E3-4FD8-9B73-88A8B95527A4}.Release|x64.ActiveCfg = Release|Any CPU
		{CF4D5439-F9E3-4FD8-9B73-88A8B95527A4}.Release|x64.Build.0 = Release|Any CPU
		{8843DE69-4838-4EBA-A173-0246D0D8709D}.Debug|Any CPU.ActiveCfg = Debug|Any CPU
		{8843DE69-4838-4EBA-A173-0246D0D8709D}.Debug|Any CPU.Build.0 = Debug|Any CPU
		{8843DE69-4838-4EBA-A173-0246D0D8709D}.Debug|x64.ActiveCfg = Debug|Any CPU
		{8843DE69-4838-4EBA-A173-0246D0D8709D}.Debug|x64.Build.0 = Debug|Any CPU
		{8843DE69-4838-4EBA-A173-0246D0D8709D}.Release|Any CPU.ActiveCfg = Release|Any CPU
		{8843DE69-4838-4EBA-A173-0246D0D8709D}.Release|Any CPU.Build.0 = Release|Any CPU
		{8843DE69-4838-4EBA-A173-0246D0D8709D}.Release|x64.ActiveCfg = Release|Any CPU
		{8843DE69-4838-4EBA-A173-0246D0D8709D}.Release|x64.Build.0 = Release|Any CPU
	EndGlobalSection
	GlobalSection(SolutionProperties) = preSolution
		HideSolutionNode = FALSE
	EndGlobalSection
	GlobalSection(NestedProjects) = preSolution
		{90BE6615-C940-4C75-8591-03442B7B1D1C} = {CF76262A-63F7-4ECB-9B2C-142ECC9769A6}
		{CF4D5439-F9E3-4FD8-9B73-88A8B95527A4} = {CF76262A-63F7-4ECB-9B2C-142ECC9769A6}
	EndGlobalSection
	GlobalSection(ExtensibilityGlobals) = postSolution
		SolutionGuid = {DA6A38BA-63E3-4F6B-925A-A6160138B71D}
	EndGlobalSection
EndGlobal
